// !$*UTF8*$!
{
	archiveVersion = 1;
	classes = {
	};
	objectVersion = 50;
	objects = {

/* Begin PBXBuildFile section */
		3B6D4B01235AD388004FDE77 /* AppDelegate.swift in Sources */ = {isa = PBXBuildFile; fileRef = 3B6D4B00235AD388004FDE77 /* AppDelegate.swift */; };
		3B6D4B03235AD388004FDE77 /* SceneDelegate.swift in Sources */ = {isa = PBXBuildFile; fileRef = 3B6D4B02235AD388004FDE77 /* SceneDelegate.swift */; };
		3B6D4B05235AD388004FDE77 /* PhotoViewController.swift in Sources */ = {isa = PBXBuildFile; fileRef = 3B6D4B04235AD388004FDE77 /* PhotoViewController.swift */; };
		3B6D4B08235AD388004FDE77 /* Main.storyboard in Resources */ = {isa = PBXBuildFile; fileRef = 3B6D4B06235AD388004FDE77 /* Main.storyboard */; };
		3B6D4B0B235AD388004FDE77 /* Swift_CoreData_MVVM.xcdatamodeld in Sources */ = {isa = PBXBuildFile; fileRef = 3B6D4B09235AD388004FDE77 /* Swift_CoreData_MVVM.xcdatamodeld */; };
		3B6D4B0D235AD38C004FDE77 /* Assets.xcassets in Resources */ = {isa = PBXBuildFile; fileRef = 3B6D4B0C235AD38C004FDE77 /* Assets.xcassets */; };
		3B6D4B10235AD38C004FDE77 /* LaunchScreen.storyboard in Resources */ = {isa = PBXBuildFile; fileRef = 3B6D4B0E235AD38C004FDE77 /* LaunchScreen.storyboard */; };
		3B6D4B1B235AD38C004FDE77 /* Swift_CoreData_MVVMTests.swift in Sources */ = {isa = PBXBuildFile; fileRef = 3B6D4B1A235AD38C004FDE77 /* Swift_CoreData_MVVMTests.swift */; };
		3B6D4B26235AD38C004FDE77 /* Swift_CoreData_MVVMUITests.swift in Sources */ = {isa = PBXBuildFile; fileRef = 3B6D4B25235AD38C004FDE77 /* Swift_CoreData_MVVMUITests.swift */; };
		3B6D4B35235AD4E7004FDE77 /* Expandable.swift in Sources */ = {isa = PBXBuildFile; fileRef = 3B6D4B34235AD4E7004FDE77 /* Expandable.swift */; };
		3B6D4B38235AD520004FDE77 /* ExpandableCell.swift in Sources */ = {isa = PBXBuildFile; fileRef = 3B6D4B37235AD520004FDE77 /* ExpandableCell.swift */; };
		3B6D4B3F235AD74B004FDE77 /* CoreDataManager.swift in Sources */ = {isa = PBXBuildFile; fileRef = 3B6D4B3E235AD74B004FDE77 /* CoreDataManager.swift */; };
		3B6D4B45235AD8C5004FDE77 /* FetchDataController.swift in Sources */ = {isa = PBXBuildFile; fileRef = 3B6D4B44235AD8C5004FDE77 /* FetchDataController.swift */; };
		3B6D4B47235AD8FD004FDE77 /* InternetMonitor.swift in Sources */ = {isa = PBXBuildFile; fileRef = 3B6D4B46235AD8FD004FDE77 /* InternetMonitor.swift */; };
		3B6D4B4C235AD94C004FDE77 /* RequestHandler.swift in Sources */ = {isa = PBXBuildFile; fileRef = 3B6D4B4B235AD94C004FDE77 /* RequestHandler.swift */; };
		3B6D4B4E235AD989004FDE77 /* RequestService.swift in Sources */ = {isa = PBXBuildFile; fileRef = 3B6D4B4D235AD989004FDE77 /* RequestService.swift */; };
		3B6D4B50235AD9BB004FDE77 /* RequestFactory.swift in Sources */ = {isa = PBXBuildFile; fileRef = 3B6D4B4F235AD9BB004FDE77 /* RequestFactory.swift */; };
		3B6D4B52235AD9E2004FDE77 /* Result.swift in Sources */ = {isa = PBXBuildFile; fileRef = 3B6D4B51235AD9E2004FDE77 /* Result.swift */; };
		3B6D4B54235ADA03004FDE77 /* ErrorResult.swift in Sources */ = {isa = PBXBuildFile; fileRef = 3B6D4B53235ADA03004FDE77 /* ErrorResult.swift */; };
		3B6D4B56235ADA29004FDE77 /* PhotoApiService.swift in Sources */ = {isa = PBXBuildFile; fileRef = 3B6D4B55235ADA29004FDE77 /* PhotoApiService.swift */; };
		3B6D4B58235ADA4F004FDE77 /* PhotoViewModel.swift in Sources */ = {isa = PBXBuildFile; fileRef = 3B6D4B57235ADA4F004FDE77 /* PhotoViewModel.swift */; };
		3B6D4B5A235ADA5E004FDE77 /* PhotoDataSource.swift in Sources */ = {isa = PBXBuildFile; fileRef = 3B6D4B59235ADA5E004FDE77 /* PhotoDataSource.swift */; };
		3B6D4B5C235ADAE6004FDE77 /* UIImageViewExt.swift in Sources */ = {isa = PBXBuildFile; fileRef = 3B6D4B5B235ADAE6004FDE77 /* UIImageViewExt.swift */; };
		3BB6A828235AF24F00D776FE /* PhotoData.swift in Sources */ = {isa = PBXBuildFile; fileRef = 3BB6A827235AF24F00D776FE /* PhotoData.swift */; };
		3BB6A82A235AF28D00D776FE /* ParserHelper.swift in Sources */ = {isa = PBXBuildFile; fileRef = 3BB6A829235AF28D00D776FE /* ParserHelper.swift */; };
/* End PBXBuildFile section */

/* Begin PBXContainerItemProxy section */
		3B6D4B17235AD38C004FDE77 /* PBXContainerItemProxy */ = {
			isa = PBXContainerItemProxy;
			containerPortal = 3B6D4AF5235AD388004FDE77 /* Project object */;
			proxyType = 1;
			remoteGlobalIDString = 3B6D4AFC235AD388004FDE77;
			remoteInfo = Swift_CoreData_MVVM;
		};
		3B6D4B22235AD38C004FDE77 /* PBXContainerItemProxy */ = {
			isa = PBXContainerItemProxy;
			containerPortal = 3B6D4AF5235AD388004FDE77 /* Project object */;
			proxyType = 1;
			remoteGlobalIDString = 3B6D4AFC235AD388004FDE77;
			remoteInfo = Swift_CoreData_MVVM;
		};
/* End PBXContainerItemProxy section */

/* Begin PBXFileReference section */
		3B6D4AFD235AD388004FDE77 /* Swift_CoreData_MVVM.app */ = {isa = PBXFileReference; explicitFileType = wrapper.application; includeInIndex = 0; path = Swift_CoreData_MVVM.app; sourceTree = BUILT_PRODUCTS_DIR; };
		3B6D4B00235AD388004FDE77 /* AppDelegate.swift */ = {isa = PBXFileReference; lastKnownFileType = sourcecode.swift; path = AppDelegate.swift; sourceTree = "<group>"; };
		3B6D4B02235AD388004FDE77 /* SceneDelegate.swift */ = {isa = PBXFileReference; lastKnownFileType = sourcecode.swift; path = SceneDelegate.swift; sourceTree = "<group>"; };
		3B6D4B04235AD388004FDE77 /* PhotoViewController.swift */ = {isa = PBXFileReference; lastKnownFileType = sourcecode.swift; path = PhotoViewController.swift; sourceTree = "<group>"; };
		3B6D4B07235AD388004FDE77 /* Base */ = {isa = PBXFileReference; lastKnownFileType = file.storyboard; name = Base; path = Base.lproj/Main.storyboard; sourceTree = "<group>"; };
		3B6D4B0A235AD388004FDE77 /* Swift_CoreData_MVVM.xcdatamodel */ = {isa = PBXFileReference; lastKnownFileType = wrapper.xcdatamodel; path = Swift_CoreData_MVVM.xcdatamodel; sourceTree = "<group>"; };
		3B6D4B0C235AD38C004FDE77 /* Assets.xcassets */ = {isa = PBXFileReference; lastKnownFileType = folder.assetcatalog; path = Assets.xcassets; sourceTree = "<group>"; };
		3B6D4B0F235AD38C004FDE77 /* Base */ = {isa = PBXFileReference; lastKnownFileType = file.storyboard; name = Base; path = Base.lproj/LaunchScreen.storyboard; sourceTree = "<group>"; };
		3B6D4B11235AD38C004FDE77 /* Info.plist */ = {isa = PBXFileReference; lastKnownFileType = text.plist.xml; path = Info.plist; sourceTree = "<group>"; };
		3B6D4B16235AD38C004FDE77 /* Swift_CoreData_MVVMTests.xctest */ = {isa = PBXFileReference; explicitFileType = wrapper.cfbundle; includeInIndex = 0; path = Swift_CoreData_MVVMTests.xctest; sourceTree = BUILT_PRODUCTS_DIR; };
		3B6D4B1A235AD38C004FDE77 /* Swift_CoreData_MVVMTests.swift */ = {isa = PBXFileReference; lastKnownFileType = sourcecode.swift; path = Swift_CoreData_MVVMTests.swift; sourceTree = "<group>"; };
		3B6D4B1C235AD38C004FDE77 /* Info.plist */ = {isa = PBXFileReference; lastKnownFileType = text.plist.xml; path = Info.plist; sourceTree = "<group>"; };
		3B6D4B21235AD38C004FDE77 /* Swift_CoreData_MVVMUITests.xctest */ = {isa = PBXFileReference; explicitFileType = wrapper.cfbundle; includeInIndex = 0; path = Swift_CoreData_MVVMUITests.xctest; sourceTree = BUILT_PRODUCTS_DIR; };
		3B6D4B25235AD38C004FDE77 /* Swift_CoreData_MVVMUITests.swift */ = {isa = PBXFileReference; lastKnownFileType = sourcecode.swift; path = Swift_CoreData_MVVMUITests.swift; sourceTree = "<group>"; };
		3B6D4B27235AD38C004FDE77 /* Info.plist */ = {isa = PBXFileReference; lastKnownFileType = text.plist.xml; path = Info.plist; sourceTree = "<group>"; };
		3B6D4B34235AD4E7004FDE77 /* Expandable.swift */ = {isa = PBXFileReference; lastKnownFileType = sourcecode.swift; path = Expandable.swift; sourceTree = "<group>"; };
		3B6D4B37235AD520004FDE77 /* ExpandableCell.swift */ = {isa = PBXFileReference; lastKnownFileType = sourcecode.swift; path = ExpandableCell.swift; sourceTree = "<group>"; };
		3B6D4B3E235AD74B004FDE77 /* CoreDataManager.swift */ = {isa = PBXFileReference; lastKnownFileType = sourcecode.swift; path = CoreDataManager.swift; sourceTree = "<group>"; };
		3B6D4B44235AD8C5004FDE77 /* FetchDataController.swift */ = {isa = PBXFileReference; lastKnownFileType = sourcecode.swift; path = FetchDataController.swift; sourceTree = "<group>"; };
		3B6D4B46235AD8FD004FDE77 /* InternetMonitor.swift */ = {isa = PBXFileReference; lastKnownFileType = sourcecode.swift; path = InternetMonitor.swift; sourceTree = "<group>"; };
		3B6D4B4B235AD94C004FDE77 /* RequestHandler.swift */ = {isa = PBXFileReference; lastKnownFileType = sourcecode.swift; path = RequestHandler.swift; sourceTree = "<group>"; };
		3B6D4B4D235AD989004FDE77 /* RequestService.swift */ = {isa = PBXFileReference; lastKnownFileType = sourcecode.swift; path = RequestService.swift; sourceTree = "<group>"; };
		3B6D4B4F235AD9BB004FDE77 /* RequestFactory.swift */ = {isa = PBXFileReference; lastKnownFileType = sourcecode.swift; path = RequestFactory.swift; sourceTree = "<group>"; };
		3B6D4B51235AD9E2004FDE77 /* Result.swift */ = {isa = PBXFileReference; lastKnownFileType = sourcecode.swift; path = Result.swift; sourceTree = "<group>"; };
		3B6D4B53235ADA03004FDE77 /* ErrorResult.swift */ = {isa = PBXFileReference; lastKnownFileType = sourcecode.swift; path = ErrorResult.swift; sourceTree = "<group>"; };
		3B6D4B55235ADA29004FDE77 /* PhotoApiService.swift */ = {isa = PBXFileReference; lastKnownFileType = sourcecode.swift; path = PhotoApiService.swift; sourceTree = "<group>"; };
		3B6D4B57235ADA4F004FDE77 /* PhotoViewModel.swift */ = {isa = PBXFileReference; lastKnownFileType = sourcecode.swift; path = PhotoViewModel.swift; sourceTree = "<group>"; };
		3B6D4B59235ADA5E004FDE77 /* PhotoDataSource.swift */ = {isa = PBXFileReference; lastKnownFileType = sourcecode.swift; path = PhotoDataSource.swift; sourceTree = "<group>"; };
		3B6D4B5B235ADAE6004FDE77 /* UIImageViewExt.swift */ = {isa = PBXFileReference; lastKnownFileType = sourcecode.swift; path = UIImageViewExt.swift; sourceTree = "<group>"; };
		3BB6A827235AF24F00D776FE /* PhotoData.swift */ = {isa = PBXFileReference; lastKnownFileType = sourcecode.swift; path = PhotoData.swift; sourceTree = "<group>"; };
		3BB6A829235AF28D00D776FE /* ParserHelper.swift */ = {isa = PBXFileReference; lastKnownFileType = sourcecode.swift; path = ParserHelper.swift; sourceTree = "<group>"; };
/* End PBXFileReference section */

/* Begin PBXFrameworksBuildPhase section */
		3B6D4AFA235AD388004FDE77 /* Frameworks */ = {
			isa = PBXFrameworksBuildPhase;
			buildActionMask = 2147483647;
			files = (
			);
			runOnlyForDeploymentPostprocessing = 0;
		};
		3B6D4B13235AD38C004FDE77 /* Frameworks */ = {
			isa = PBXFrameworksBuildPhase;
			buildActionMask = 2147483647;
			files = (
			);
			runOnlyForDeploymentPostprocessing = 0;
		};
		3B6D4B1E235AD38C004FDE77 /* Frameworks */ = {
			isa = PBXFrameworksBuildPhase;
			buildActionMask = 2147483647;
			files = (
			);
			runOnlyForDeploymentPostprocessing = 0;
		};
/* End PBXFrameworksBuildPhase section */

/* Begin PBXGroup section */
		3B6D4AF4235AD388004FDE77 = {
			isa = PBXGroup;
			children = (
				3B6D4AFF235AD388004FDE77 /* Swift_CoreData_MVVM */,
				3B6D4B19235AD38C004FDE77 /* Swift_CoreData_MVVMTests */,
				3B6D4B24235AD38C004FDE77 /* Swift_CoreData_MVVMUITests */,
				3B6D4AFE235AD388004FDE77 /* Products */,
			);
			sourceTree = "<group>";
		};
		3B6D4AFE235AD388004FDE77 /* Products */ = {
			isa = PBXGroup;
			children = (
				3B6D4AFD235AD388004FDE77 /* Swift_CoreData_MVVM.app */,
				3B6D4B16235AD38C004FDE77 /* Swift_CoreData_MVVMTests.xctest */,
				3B6D4B21235AD38C004FDE77 /* Swift_CoreData_MVVMUITests.xctest */,
			);
			name = Products;
			sourceTree = "<group>";
		};
		3B6D4AFF235AD388004FDE77 /* Swift_CoreData_MVVM */ = {
			isa = PBXGroup;
			children = (
				3B6D4B48235AD924004FDE77 /* Services */,
				3B6D4B43235AD8B9004FDE77 /* Helper */,
				3B6D4B42235AD877004FDE77 /* ViewController */,
				3B6D4B3D235AD736004FDE77 /* ViewModel */,
				3B6D4B3C235AD6AB004FDE77 /* Model */,
				3B6D4B36235AD50E004FDE77 /* View */,
				3B6D4B00235AD388004FDE77 /* AppDelegate.swift */,
				3B6D4B02235AD388004FDE77 /* SceneDelegate.swift */,
				3B6D4B06235AD388004FDE77 /* Main.storyboard */,
				3B6D4B0C235AD38C004FDE77 /* Assets.xcassets */,
				3B6D4B0E235AD38C004FDE77 /* LaunchScreen.storyboard */,
				3B6D4B11235AD38C004FDE77 /* Info.plist */,
				3B6D4B09235AD388004FDE77 /* Swift_CoreData_MVVM.xcdatamodeld */,
			);
			path = Swift_CoreData_MVVM;
			sourceTree = "<group>";
		};
		3B6D4B19235AD38C004FDE77 /* Swift_CoreData_MVVMTests */ = {
			isa = PBXGroup;
			children = (
				3B6D4B1A235AD38C004FDE77 /* Swift_CoreData_MVVMTests.swift */,
				3B6D4B1C235AD38C004FDE77 /* Info.plist */,
			);
			path = Swift_CoreData_MVVMTests;
			sourceTree = "<group>";
		};
		3B6D4B24235AD38C004FDE77 /* Swift_CoreData_MVVMUITests */ = {
			isa = PBXGroup;
			children = (
				3B6D4B25235AD38C004FDE77 /* Swift_CoreData_MVVMUITests.swift */,
				3B6D4B27235AD38C004FDE77 /* Info.plist */,
			);
			path = Swift_CoreData_MVVMUITests;
			sourceTree = "<group>";
		};
		3B6D4B36235AD50E004FDE77 /* View */ = {
			isa = PBXGroup;
			children = (
				3B6D4B37235AD520004FDE77 /* ExpandableCell.swift */,
				3B6D4B34235AD4E7004FDE77 /* Expandable.swift */,
			);
			path = View;
			sourceTree = "<group>";
		};
		3B6D4B3C235AD6AB004FDE77 /* Model */ = {
			isa = PBXGroup;
			children = (
				3B6D4B3E235AD74B004FDE77 /* CoreDataManager.swift */,
				3BB6A827235AF24F00D776FE /* PhotoData.swift */,
			);
			path = Model;
			sourceTree = "<group>";
		};
		3B6D4B3D235AD736004FDE77 /* ViewModel */ = {
			isa = PBXGroup;
			children = (
				3B6D4B57235ADA4F004FDE77 /* PhotoViewModel.swift */,
				3B6D4B59235ADA5E004FDE77 /* PhotoDataSource.swift */,
			);
			path = ViewModel;
			sourceTree = "<group>";
		};
		3B6D4B42235AD877004FDE77 /* ViewController */ = {
			isa = PBXGroup;
			children = (
				3B6D4B04235AD388004FDE77 /* PhotoViewController.swift */,
			);
			path = ViewController;
			sourceTree = "<group>";
		};
		3B6D4B43235AD8B9004FDE77 /* Helper */ = {
			isa = PBXGroup;
			children = (
				3B6D4B44235AD8C5004FDE77 /* FetchDataController.swift */,
				3B6D4B46235AD8FD004FDE77 /* InternetMonitor.swift */,
				3B6D4B5B235ADAE6004FDE77 /* UIImageViewExt.swift */,
				3BB6A829235AF28D00D776FE /* ParserHelper.swift */,
			);
			path = Helper;
			sourceTree = "<group>";
		};
		3B6D4B48235AD924004FDE77 /* Services */ = {
			isa = PBXGroup;
			children = (
				3B6D4B4A235AD939004FDE77 /* Result */,
				3B6D4B49235AD92F004FDE77 /* Network */,
				3B6D4B55235ADA29004FDE77 /* PhotoApiService.swift */,
			);
			path = Services;
			sourceTree = "<group>";
		};
		3B6D4B49235AD92F004FDE77 /* Network */ = {
			isa = PBXGroup;
			children = (
				3B6D4B4B235AD94C004FDE77 /* RequestHandler.swift */,
				3B6D4B4D235AD989004FDE77 /* RequestService.swift */,
				3B6D4B4F235AD9BB004FDE77 /* RequestFactory.swift */,
			);
			path = Network;
			sourceTree = "<group>";
		};
		3B6D4B4A235AD939004FDE77 /* Result */ = {
			isa = PBXGroup;
			children = (
				3B6D4B51235AD9E2004FDE77 /* Result.swift */,
				3B6D4B53235ADA03004FDE77 /* ErrorResult.swift */,
			);
			path = Result;
			sourceTree = "<group>";
		};
/* End PBXGroup section */

/* Begin PBXNativeTarget section */
		3B6D4AFC235AD388004FDE77 /* Swift_CoreData_MVVM */ = {
			isa = PBXNativeTarget;
			buildConfigurationList = 3B6D4B2A235AD38C004FDE77 /* Build configuration list for PBXNativeTarget "Swift_CoreData_MVVM" */;
			buildPhases = (
				3B6D4AF9235AD388004FDE77 /* Sources */,
				3B6D4AFA235AD388004FDE77 /* Frameworks */,
				3B6D4AFB235AD388004FDE77 /* Resources */,
			);
			buildRules = (
			);
			dependencies = (
			);
			name = Swift_CoreData_MVVM;
			productName = Swift_CoreData_MVVM;
			productReference = 3B6D4AFD235AD388004FDE77 /* Swift_CoreData_MVVM.app */;
			productType = "com.apple.product-type.application";
		};
		3B6D4B15235AD38C004FDE77 /* Swift_CoreData_MVVMTests */ = {
			isa = PBXNativeTarget;
			buildConfigurationList = 3B6D4B2D235AD38C004FDE77 /* Build configuration list for PBXNativeTarget "Swift_CoreData_MVVMTests" */;
			buildPhases = (
				3B6D4B12235AD38C004FDE77 /* Sources */,
				3B6D4B13235AD38C004FDE77 /* Frameworks */,
				3B6D4B14235AD38C004FDE77 /* Resources */,
			);
			buildRules = (
			);
			dependencies = (
				3B6D4B18235AD38C004FDE77 /* PBXTargetDependency */,
			);
			name = Swift_CoreData_MVVMTests;
			productName = Swift_CoreData_MVVMTests;
			productReference = 3B6D4B16235AD38C004FDE77 /* Swift_CoreData_MVVMTests.xctest */;
			productType = "com.apple.product-type.bundle.unit-test";
		};
		3B6D4B20235AD38C004FDE77 /* Swift_CoreData_MVVMUITests */ = {
			isa = PBXNativeTarget;
			buildConfigurationList = 3B6D4B30235AD38C004FDE77 /* Build configuration list for PBXNativeTarget "Swift_CoreData_MVVMUITests" */;
			buildPhases = (
				3B6D4B1D235AD38C004FDE77 /* Sources */,
				3B6D4B1E235AD38C004FDE77 /* Frameworks */,
				3B6D4B1F235AD38C004FDE77 /* Resources */,
			);
			buildRules = (
			);
			dependencies = (
				3B6D4B23235AD38C004FDE77 /* PBXTargetDependency */,
			);
			name = Swift_CoreData_MVVMUITests;
			productName = Swift_CoreData_MVVMUITests;
			productReference = 3B6D4B21235AD38C004FDE77 /* Swift_CoreData_MVVMUITests.xctest */;
			productType = "com.apple.product-type.bundle.ui-testing";
		};
/* End PBXNativeTarget section */

/* Begin PBXProject section */
		3B6D4AF5235AD388004FDE77 /* Project object */ = {
			isa = PBXProject;
			attributes = {
				LastSwiftUpdateCheck = 1110;
				LastUpgradeCheck = 1110;
				ORGANIZATIONNAME = haochen;
				TargetAttributes = {
					3B6D4AFC235AD388004FDE77 = {
						CreatedOnToolsVersion = 11.1;
					};
					3B6D4B15235AD38C004FDE77 = {
						CreatedOnToolsVersion = 11.1;
						TestTargetID = 3B6D4AFC235AD388004FDE77;
					};
					3B6D4B20235AD38C004FDE77 = {
						CreatedOnToolsVersion = 11.1;
						TestTargetID = 3B6D4AFC235AD388004FDE77;
					};
				};
			};
			buildConfigurationList = 3B6D4AF8235AD388004FDE77 /* Build configuration list for PBXProject "Swift_CoreData_MVVM" */;
			compatibilityVersion = "Xcode 9.3";
			developmentRegion = en;
			hasScannedForEncodings = 0;
			knownRegions = (
				en,
				Base,
			);
			mainGroup = 3B6D4AF4235AD388004FDE77;
			productRefGroup = 3B6D4AFE235AD388004FDE77 /* Products */;
			projectDirPath = "";
			projectRoot = "";
			targets = (
				3B6D4AFC235AD388004FDE77 /* Swift_CoreData_MVVM */,
				3B6D4B15235AD38C004FDE77 /* Swift_CoreData_MVVMTests */,
				3B6D4B20235AD38C004FDE77 /* Swift_CoreData_MVVMUITests */,
			);
		};
/* End PBXProject section */

/* Begin PBXResourcesBuildPhase section */
		3B6D4AFB235AD388004FDE77 /* Resources */ = {
			isa = PBXResourcesBuildPhase;
			buildActionMask = 2147483647;
			files = (
				3B6D4B10235AD38C004FDE77 /* LaunchScreen.storyboard in Resources */,
				3B6D4B0D235AD38C004FDE77 /* Assets.xcassets in Resources */,
				3B6D4B08235AD388004FDE77 /* Main.storyboard in Resources */,
			);
			runOnlyForDeploymentPostprocessing = 0;
		};
		3B6D4B14235AD38C004FDE77 /* Resources */ = {
			isa = PBXResourcesBuildPhase;
			buildActionMask = 2147483647;
			files = (
			);
			runOnlyForDeploymentPostprocessing = 0;
		};
		3B6D4B1F235AD38C004FDE77 /* Resources */ = {
			isa = PBXResourcesBuildPhase;
			buildActionMask = 2147483647;
			files = (
			);
			runOnlyForDeploymentPostprocessing = 0;
		};
/* End PBXResourcesBuildPhase section */

/* Begin PBXSourcesBuildPhase section */
		3B6D4AF9235AD388004FDE77 /* Sources */ = {
			isa = PBXSourcesBuildPhase;
			buildActionMask = 2147483647;
			files = (
				3B6D4B50235AD9BB004FDE77 /* RequestFactory.swift in Sources */,
				3B6D4B52235AD9E2004FDE77 /* Result.swift in Sources */,
				3B6D4B47235AD8FD004FDE77 /* InternetMonitor.swift in Sources */,
				3B6D4B54235ADA03004FDE77 /* ErrorResult.swift in Sources */,
				3B6D4B35235AD4E7004FDE77 /* Expandable.swift in Sources */,
				3B6D4B58235ADA4F004FDE77 /* PhotoViewModel.swift in Sources */,
				3BB6A82A235AF28D00D776FE /* ParserHelper.swift in Sources */,
				3BB6A828235AF24F00D776FE /* PhotoData.swift in Sources */,
				3B6D4B0B235AD388004FDE77 /* Swift_CoreData_MVVM.xcdatamodeld in Sources */,
				3B6D4B4E235AD989004FDE77 /* RequestService.swift in Sources */,
				3B6D4B05235AD388004FDE77 /* PhotoViewController.swift in Sources */,
				3B6D4B01235AD388004FDE77 /* AppDelegate.swift in Sources */,
				3B6D4B5C235ADAE6004FDE77 /* UIImageViewExt.swift in Sources */,
				3B6D4B45235AD8C5004FDE77 /* FetchDataController.swift in Sources */,
				3B6D4B56235ADA29004FDE77 /* PhotoApiService.swift in Sources */,
				3B6D4B5A235ADA5E004FDE77 /* PhotoDataSource.swift in Sources */,
				3B6D4B4C235AD94C004FDE77 /* RequestHandler.swift in Sources */,
				3B6D4B03235AD388004FDE77 /* SceneDelegate.swift in Sources */,
				3B6D4B3F235AD74B004FDE77 /* CoreDataManager.swift in Sources */,
				3B6D4B38235AD520004FDE77 /* ExpandableCell.swift in Sources */,
			);
			runOnlyForDeploymentPostprocessing = 0;
		};
		3B6D4B12235AD38C004FDE77 /* Sources */ = {
			isa = PBXSourcesBuildPhase;
			buildActionMask = 2147483647;
			files = (
				3B6D4B1B235AD38C004FDE77 /* Swift_CoreData_MVVMTests.swift in Sources */,
			);
			runOnlyForDeploymentPostprocessing = 0;
		};
		3B6D4B1D235AD38C004FDE77 /* Sources */ = {
			isa = PBXSourcesBuildPhase;
			buildActionMask = 2147483647;
			files = (
				3B6D4B26235AD38C004FDE77 /* Swift_CoreData_MVVMUITests.swift in Sources */,
			);
			runOnlyForDeploymentPostprocessing = 0;
		};
/* End PBXSourcesBuildPhase section */

/* Begin PBXTargetDependency section */
		3B6D4B18235AD38C004FDE77 /* PBXTargetDependency */ = {
			isa = PBXTargetDependency;
			target = 3B6D4AFC235AD388004FDE77 /* Swift_CoreData_MVVM */;
			targetProxy = 3B6D4B17235AD38C004FDE77 /* PBXContainerItemProxy */;
		};
		3B6D4B23235AD38C004FDE77 /* PBXTargetDependency */ = {
			isa = PBXTargetDependency;
			target = 3B6D4AFC235AD388004FDE77 /* Swift_CoreData_MVVM */;
			targetProxy = 3B6D4B22235AD38C004FDE77 /* PBXContainerItemProxy */;
		};
/* End PBXTargetDependency section */

/* Begin PBXVariantGroup section */
		3B6D4B06235AD388004FDE77 /* Main.storyboard */ = {
			isa = PBXVariantGroup;
			children = (
				3B6D4B07235AD388004FDE77 /* Base */,
			);
			name = Main.storyboard;
			sourceTree = "<group>";
		};
		3B6D4B0E235AD38C004FDE77 /* LaunchScreen.storyboard */ = {
			isa = PBXVariantGroup;
			children = (
				3B6D4B0F235AD38C004FDE77 /* Base */,
			);
			name = LaunchScreen.storyboard;
			sourceTree = "<group>";
		};
/* End PBXVariantGroup section */

/* Begin XCBuildConfiguration section */
		3B6D4B28235AD38C004FDE77 /* Debug */ = {
			isa = XCBuildConfiguration;
			buildSettings = {
				ALWAYS_SEARCH_USER_PATHS = NO;
				CLANG_ANALYZER_NONNULL = YES;
				CLANG_ANALYZER_NUMBER_OBJECT_CONVERSION = YES_AGGRESSIVE;
				CLANG_CXX_LANGUAGE_STANDARD = "gnu++14";
				CLANG_CXX_LIBRARY = "libc++";
				CLANG_ENABLE_MODULES = YES;
				CLANG_ENABLE_OBJC_ARC = YES;
				CLANG_ENABLE_OBJC_WEAK = YES;
				CLANG_WARN_BLOCK_CAPTURE_AUTORELEASING = YES;
				CLANG_WARN_BOOL_CONVERSION = YES;
				CLANG_WARN_COMMA = YES;
				CLANG_WARN_CONSTANT_CONVERSION = YES;
				CLANG_WARN_DEPRECATED_OBJC_IMPLEMENTATIONS = YES;
				CLANG_WARN_DIRECT_OBJC_ISA_USAGE = YES_ERROR;
				CLANG_WARN_DOCUMENTATION_COMMENTS = YES;
				CLANG_WARN_EMPTY_BODY = YES;
				CLANG_WARN_ENUM_CONVERSION = YES;
				CLANG_WARN_INFINITE_RECURSION = YES;
				CLANG_WARN_INT_CONVERSION = YES;
				CLANG_WARN_NON_LITERAL_NULL_CONVERSION = YES;
				CLANG_WARN_OBJC_IMPLICIT_RETAIN_SELF = YES;
				CLANG_WARN_OBJC_LITERAL_CONVERSION = YES;
				CLANG_WARN_OBJC_ROOT_CLASS = YES_ERROR;
				CLANG_WARN_RANGE_LOOP_ANALYSIS = YES;
				CLANG_WARN_STRICT_PROTOTYPES = YES;
				CLANG_WARN_SUSPICIOUS_MOVE = YES;
				CLANG_WARN_UNGUARDED_AVAILABILITY = YES_AGGRESSIVE;
				CLANG_WARN_UNREACHABLE_CODE = YES;
				CLANG_WARN__DUPLICATE_METHOD_MATCH = YES;
				COPY_PHASE_STRIP = NO;
				DEBUG_INFORMATION_FORMAT = dwarf;
				ENABLE_STRICT_OBJC_MSGSEND = YES;
				ENABLE_TESTABILITY = YES;
				GCC_C_LANGUAGE_STANDARD = gnu11;
				GCC_DYNAMIC_NO_PIC = NO;
				GCC_NO_COMMON_BLOCKS = YES;
				GCC_OPTIMIZATION_LEVEL = 0;
				GCC_PREPROCESSOR_DEFINITIONS = (
					"DEBUG=1",
					"$(inherited)",
				);
				GCC_WARN_64_TO_32_BIT_CONVERSION = YES;
				GCC_WARN_ABOUT_RETURN_TYPE = YES_ERROR;
				GCC_WARN_UNDECLARED_SELECTOR = YES;
				GCC_WARN_UNINITIALIZED_AUTOS = YES_AGGRESSIVE;
				GCC_WARN_UNUSED_FUNCTION = YES;
				GCC_WARN_UNUSED_VARIABLE = YES;
				IPHONEOS_DEPLOYMENT_TARGET = 13.1;
				MTL_ENABLE_DEBUG_INFO = INCLUDE_SOURCE;
				MTL_FAST_MATH = YES;
				ONLY_ACTIVE_ARCH = YES;
				SDKROOT = iphoneos;
				SWIFT_ACTIVE_COMPILATION_CONDITIONS = DEBUG;
				SWIFT_OPTIMIZATION_LEVEL = "-Onone";
			};
			name = Debug;
		};
		3B6D4B29235AD38C004FDE77 /* Release */ = {
			isa = XCBuildConfiguration;
			buildSettings = {
				ALWAYS_SEARCH_USER_PATHS = NO;
				CLANG_ANALYZER_NONNULL = YES;
				CLANG_ANALYZER_NUMBER_OBJECT_CONVERSION = YES_AGGRESSIVE;
				CLANG_CXX_LANGUAGE_STANDARD = "gnu++14";
				CLANG_CXX_LIBRARY = "libc++";
				CLANG_ENABLE_MODULES = YES;
				CLANG_ENABLE_OBJC_ARC = YES;
				CLANG_ENABLE_OBJC_WEAK = YES;
				CLANG_WARN_BLOCK_CAPTURE_AUTORELEASING = YES;
				CLANG_WARN_BOOL_CONVERSION = YES;
				CLANG_WARN_COMMA = YES;
				CLANG_WARN_CONSTANT_CONVERSION = YES;
				CLANG_WARN_DEPRECATED_OBJC_IMPLEMENTATIONS = YES;
				CLANG_WARN_DIRECT_OBJC_ISA_USAGE = YES_ERROR;
				CLANG_WARN_DOCUMENTATION_COMMENTS = YES;
				CLANG_WARN_EMPTY_BODY = YES;
				CLANG_WARN_ENUM_CONVERSION = YES;
				CLANG_WARN_INFINITE_RECURSION = YES;
				CLANG_WARN_INT_CONVERSION = YES;
				CLANG_WARN_NON_LITERAL_NULL_CONVERSION = YES;
				CLANG_WARN_OBJC_IMPLICIT_RETAIN_SELF = YES;
				CLANG_WARN_OBJC_LITERAL_CONVERSION = YES;
				CLANG_WARN_OBJC_ROOT_CLASS = YES_ERROR;
				CLANG_WARN_RANGE_LOOP_ANALYSIS = YES;
				CLANG_WARN_STRICT_PROTOTYPES = YES;
				CLANG_WARN_SUSPICIOUS_MOVE = YES;
				CLANG_WARN_UNGUARDED_AVAILABILITY = YES_AGGRESSIVE;
				CLANG_WARN_UNREACHABLE_CODE = YES;
				CLANG_WARN__DUPLICATE_METHOD_MATCH = YES;
				COPY_PHASE_STRIP = NO;
				DEBUG_INFORMATION_FORMAT = "dwarf-with-dsym";
				ENABLE_NS_ASSERTIONS = NO;
				ENABLE_STRICT_OBJC_MSGSEND = YES;
				GCC_C_LANGUAGE_STANDARD = gnu11;
				GCC_NO_COMMON_BLOCKS = YES;
				GCC_WARN_64_TO_32_BIT_CONVERSION = YES;
				GCC_WARN_ABOUT_RETURN_TYPE = YES_ERROR;
				GCC_WARN_UNDECLARED_SELECTOR = YES;
				GCC_WARN_UNINITIALIZED_AUTOS = YES_AGGRESSIVE;
				GCC_WARN_UNUSED_FUNCTION = YES;
				GCC_WARN_UNUSED_VARIABLE = YES;
				IPHONEOS_DEPLOYMENT_TARGET = 13.1;
				MTL_ENABLE_DEBUG_INFO = NO;
				MTL_FAST_MATH = YES;
				SDKROOT = iphoneos;
				SWIFT_COMPILATION_MODE = wholemodule;
				SWIFT_OPTIMIZATION_LEVEL = "-O";
				VALIDATE_PRODUCT = YES;
			};
			name = Release;
		};
		3B6D4B2B235AD38C004FDE77 /* Debug */ = {
			isa = XCBuildConfiguration;
			buildSettings = {
				ASSETCATALOG_COMPILER_APPICON_NAME = AppIcon;
				CODE_SIGN_STYLE = Automatic;
				DEVELOPMENT_TEAM = 87R84L7K5J;
				INFOPLIST_FILE = Swift_CoreData_MVVM/Info.plist;
				LD_RUNPATH_SEARCH_PATHS = (
					"$(inherited)",
					"@executable_path/Frameworks",
				);
				PRODUCT_BUNDLE_IDENTIFIER = "haochen.Swift-CoreData-MVVM";
				PRODUCT_NAME = "$(TARGET_NAME)";
				SWIFT_VERSION = 5.0;
				TARGETED_DEVICE_FAMILY = "1,2";
			};
			name = Debug;
		};
		3B6D4B2C235AD38C004FDE77 /* Release */ = {
			isa = XCBuildConfiguration;
			buildSettings = {
				ASSETCATALOG_COMPILER_APPICON_NAME = AppIcon;
				CODE_SIGN_STYLE = Automatic;
				DEVELOPMENT_TEAM = 87R84L7K5J;
				INFOPLIST_FILE = Swift_CoreData_MVVM/Info.plist;
				LD_RUNPATH_SEARCH_PATHS = (
					"$(inherited)",
					"@executable_path/Frameworks",
				);
				PRODUCT_BUNDLE_IDENTIFIER = "haochen.Swift-CoreData-MVVM";
				PRODUCT_NAME = "$(TARGET_NAME)";
				SWIFT_VERSION = 5.0;
				TARGETED_DEVICE_FAMILY = "1,2";
			};
			name = Release;
		};
		3B6D4B2E235AD38C004FDE77 /* Debug */ = {
			isa = XCBuildConfiguration;
			buildSettings = {
				ALWAYS_EMBED_SWIFT_STANDARD_LIBRARIES = YES;
				BUNDLE_LOADER = "$(TEST_HOST)";
				CODE_SIGN_STYLE = Automatic;
				DEVELOPMENT_TEAM = 87R84L7K5J;
				INFOPLIST_FILE = Swift_CoreData_MVVMTests/Info.plist;
				IPHONEOS_DEPLOYMENT_TARGET = 13.1;
				LD_RUNPATH_SEARCH_PATHS = (
					"$(inherited)",
					"@executable_path/Frameworks",
					"@loader_path/Frameworks",
				);
				PRODUCT_BUNDLE_IDENTIFIER = "haochen.Swift-CoreData-MVVMTests";
				PRODUCT_NAME = "$(TARGET_NAME)";
				SWIFT_VERSION = 5.0;
				TARGETED_DEVICE_FAMILY = "1,2";
				TEST_HOST = "$(BUILT_PRODUCTS_DIR)/Swift_CoreData_MVVM.app/Swift_CoreData_MVVM";
			};
			name = Debug;
		};
		3B6D4B2F235AD38C004FDE77 /* Release */ = {
			isa = XCBuildConfiguration;
			buildSettings = {
				ALWAYS_EMBED_SWIFT_STANDARD_LIBRARIES = YES;
				BUNDLE_LOADER = "$(TEST_HOST)";
				CODE_SIGN_STYLE = Automatic;
				DEVELOPMENT_TEAM = 87R84L7K5J;
				INFOPLIST_FILE = Swift_CoreData_MVVMTests/Info.plist;
				IPHONEOS_DEPLOYMENT_TARGET = 13.1;
				LD_RUNPATH_SEARCH_PATHS = (
					"$(inherited)",
					"@executable_path/Frameworks",
					"@loader_path/Frameworks",
				);
				PRODUCT_BUNDLE_IDENTIFIER = "haochen.Swift-CoreData-MVVMTests";
				PRODUCT_NAME = "$(TARGET_NAME)";
				SWIFT_VERSION = 5.0;
				TARGETED_DEVICE_FAMILY = "1,2";
				TEST_HOST = "$(BUILT_PRODUCTS_DIR)/Swift_CoreData_MVVM.app/Swift_CoreData_MVVM";
			};
			name = Release;
		};
		3B6D4B31235AD38C004FDE77 /* Debug */ = {
			isa = XCBuildConfiguration;
			buildSettings = {
				ALWAYS_EMBED_SWIFT_STANDARD_LIBRARIES = YES;
				CODE_SIGN_STYLE = Automatic;
				DEVELOPMENT_TEAM = 87R84L7K5J;
				INFOPLIST_FILE = Swift_CoreData_MVVMUITests/Info.plist;
				LD_RUNPATH_SEARCH_PATHS = (
					"$(inherited)",
					"@executable_path/Frameworks",
					"@loader_path/Frameworks",
				);
				PRODUCT_BUNDLE_IDENTIFIER = "haochen.Swift-CoreData-MVVMUITests";
				PRODUCT_NAME = "$(TARGET_NAME)";
				SWIFT_VERSION = 5.0;
				TARGETED_DEVICE_FAMILY = "1,2";
				TEST_TARGET_NAME = Swift_CoreData_MVVM;
			};
			name = Debug;
		};
		3B6D4B32235AD38C004FDE77 /* Release */ = {
			isa = XCBuildConfiguration;
			buildSettings = {
				ALWAYS_EMBED_SWIFT_STANDARD_LIBRARIES = YES;
				CODE_SIGN_STYLE = Automatic;
				DEVELOPMENT_TEAM = 87R84L7K5J;
				INFOPLIST_FILE = Swift_CoreData_MVVMUITests/Info.plist;
				LD_RUNPATH_SEARCH_PATHS = (
					"$(inherited)",
					"@executable_path/Frameworks",
					"@loader_path/Frameworks",
				);
				PRODUCT_BUNDLE_IDENTIFIER = "haochen.Swift-CoreData-MVVMUITests";
				PRODUCT_NAME = "$(TARGET_NAME)";
				SWIFT_VERSION = 5.0;
				TARGETED_DEVICE_FAMILY = "1,2";
				TEST_TARGET_NAME = Swift_CoreData_MVVM;
			};
			name = Release;
		};
/* End XCBuildConfiguration section */

/* Begin XCConfigurationList section */
		3B6D4AF8235AD388004FDE77 /* Build configuration list for PBXProject "Swift_CoreData_MVVM" */ = {
			isa = XCConfigurationList;
			buildConfigurations = (
				3B6D4B28235AD38C004FDE77 /* Debug */,
				3B6D4B29235AD38C004FDE77 /* Release */,
			);
			defaultConfigurationIsVisible = 0;
			defaultConfigurationName = Release;
		};
		3B6D4B2A235AD38C004FDE77 /* Build configuration list for PBXNativeTarget "Swift_CoreData_MVVM" */ = {
			isa = XCConfigurationList;
			buildConfigurations = (
				3B6D4B2B235AD38C004FDE77 /* Debug */,
				3B6D4B2C235AD38C004FDE77 /* Release */,
			);
			defaultConfigurationIsVisible = 0;
			defaultConfigurationName = Release;
		};
		3B6D4B2D235AD38C004FDE77 /* Build configuration list for PBXNativeTarget "Swift_CoreData_MVVMTests" */ = {
			isa = XCConfigurationList;
			buildConfigurations = (
				3B6D4B2E235AD38C004FDE77 /* Debug */,
				3B6D4B2F235AD38C004FDE77 /* Release */,
			);
			defaultConfigurationIsVisible = 0;
			defaultConfigurationName = Release;
		};
		3B6D4B30235AD38C004FDE77 /* Build configuration list for PBXNativeTarget "Swift_CoreData_MVVMUITests" */ = {
			isa = XCConfigurationList;
			buildConfigurations = (
				3B6D4B31235AD38C004FDE77 /* Debug */,
				3B6D4B32235AD38C004FDE77 /* Release */,
			);
			defaultConfigurationIsVisible = 0;
			defaultConfigurationName = Release;
		};
/* End XCConfigurationList section */

/* Begin XCVersionGroup section */
		3B6D4B09235AD388004FDE77 /* Swift_CoreData_MVVM.xcdatamodeld */ = {
			isa = XCVersionGroup;
			children = (
				3B6D4B0A235AD388004FDE77 /* Swift_CoreData_MVVM.xcdatamodel */,
			);
			currentVersion = 3B6D4B0A235AD388004FDE77 /* Swift_CoreData_MVVM.xcdatamodel */;
			path = Swift_CoreData_MVVM.xcdatamodeld;
			sourceTree = "<group>";
			versionGroupType = wrapper.xcdatamodel;
		};
/* End XCVersionGroup section */
	};
	rootObject = 3B6D4AF5235AD388004FDE77 /* Project object */;
}
